
Microsoft Visual Studio Solution File, Format Version 12.00
Project("{2150E333-8FDC-42A3-9474-1A3956D46DE8}") = "kafka", "kafka", "{4273DC90-AB4D-4C8C-BD25-240F38DF6133}"
EndProject
Project("{2150E333-8FDC-42A3-9474-1A3956D46DE8}") = "Common", "Common", "{B4970DA5-0E62-4B6D-95D8-19F48A77B40C}"
EndProject
Project("{FAE04EC0-301F-11D3-BF4B-00C04F79EFBC}") = "Library", "Library\Library.csproj", "{49D2389C-97DF-4FE5-B080-F5252B2DDC9F}"
EndProject
Project("{2150E333-8FDC-42A3-9474-1A3956D46DE8}") = "EventDriven", "EventDriven", "{3C051FBD-3D47-46A7-8531-785190666512}"
EndProject
Project("{FAE04EC0-301F-11D3-BF4B-00C04F79EFBC}") = "EventAndCommands", "EventAndCommands\EventAndCommands.csproj", "{92BECBA5-6094-471A-A1FA-AA42240856A6}"
EndProject
Project("{2150E333-8FDC-42A3-9474-1A3956D46DE8}") = "Provider", "Provider", "{7DF01E8B-5DE3-48D3-B013-CD6D2433FECE}"
EndProject
Project("{FAE04EC0-301F-11D3-BF4B-00C04F79EFBC}") = "Provider", "Provider\Provider.csproj", "{CB3F5128-3514-4F63-B610-2758AE30548D}"
EndProject
Project("{2150E333-8FDC-42A3-9474-1A3956D46DE8}") = "Customers", "Customers", "{EF5C5557-E1D0-4E8B-830B-B2B0C22940BD}"
EndProject
Project("{FAE04EC0-301F-11D3-BF4B-00C04F79EFBC}") = "Customer", "Customer\Customer.csproj", "{D3E2A87E-4EFE-4CCD-A7A9-1BF285ADCBB9}"
EndProject
Project("{FAE04EC0-301F-11D3-BF4B-00C04F79EFBC}") = "Kafka", "Kafka\Kafka.csproj", "{036AA7C5-EE15-4DDD-87B1-E8AB3E7B21BE}"
EndProject
Project("{2150E333-8FDC-42A3-9474-1A3956D46DE8}") = "Services", "Services", "{6371886F-BEAC-4C9D-987E-4EE47A435746}"
EndProject
Project("{FAE04EC0-301F-11D3-BF4B-00C04F79EFBC}") = "Services", "Services\Services.csproj", "{FDD40EF1-545F-40AD-A861-760E371242DE}"
EndProject
Global
	GlobalSection(SolutionConfigurationPlatforms) = preSolution
		Debug|Any CPU = Debug|Any CPU
		Release|Any CPU = Release|Any CPU
	EndGlobalSection
	GlobalSection(NestedProjects) = preSolution
		{49D2389C-97DF-4FE5-B080-F5252B2DDC9F} = {B4970DA5-0E62-4B6D-95D8-19F48A77B40C}
		{92BECBA5-6094-471A-A1FA-AA42240856A6} = {3C051FBD-3D47-46A7-8531-785190666512}
		{CB3F5128-3514-4F63-B610-2758AE30548D} = {7DF01E8B-5DE3-48D3-B013-CD6D2433FECE}
		{D3E2A87E-4EFE-4CCD-A7A9-1BF285ADCBB9} = {EF5C5557-E1D0-4E8B-830B-B2B0C22940BD}
		{036AA7C5-EE15-4DDD-87B1-E8AB3E7B21BE} = {4273DC90-AB4D-4C8C-BD25-240F38DF6133}
		{FDD40EF1-545F-40AD-A861-760E371242DE} = {6371886F-BEAC-4C9D-987E-4EE47A435746}
	EndGlobalSection
	GlobalSection(ProjectConfigurationPlatforms) = postSolution
		{49D2389C-97DF-4FE5-B080-F5252B2DDC9F}.Debug|Any CPU.ActiveCfg = Debug|Any CPU
		{49D2389C-97DF-4FE5-B080-F5252B2DDC9F}.Debug|Any CPU.Build.0 = Debug|Any CPU
		{49D2389C-97DF-4FE5-B080-F5252B2DDC9F}.Release|Any CPU.ActiveCfg = Release|Any CPU
		{49D2389C-97DF-4FE5-B080-F5252B2DDC9F}.Release|Any CPU.Build.0 = Release|Any CPU
		{92BECBA5-6094-471A-A1FA-AA42240856A6}.Debug|Any CPU.ActiveCfg = Debug|Any CPU
		{92BECBA5-6094-471A-A1FA-AA42240856A6}.Debug|Any CPU.Build.0 = Debug|Any CPU
		{92BECBA5-6094-471A-A1FA-AA42240856A6}.Release|Any CPU.ActiveCfg = Release|Any CPU
		{92BECBA5-6094-471A-A1FA-AA42240856A6}.Release|Any CPU.Build.0 = Release|Any CPU
		{CB3F5128-3514-4F63-B610-2758AE30548D}.Debug|Any CPU.ActiveCfg = Debug|Any CPU
		{CB3F5128-3514-4F63-B610-2758AE30548D}.Debug|Any CPU.Build.0 = Debug|Any CPU
		{CB3F5128-3514-4F63-B610-2758AE30548D}.Release|Any CPU.ActiveCfg = Release|Any CPU
		{CB3F5128-3514-4F63-B610-2758AE30548D}.Release|Any CPU.Build.0 = Release|Any CPU
		{D3E2A87E-4EFE-4CCD-A7A9-1BF285ADCBB9}.Debug|Any CPU.ActiveCfg = Debug|Any CPU
		{D3E2A87E-4EFE-4CCD-A7A9-1BF285ADCBB9}.Debug|Any CPU.Build.0 = Debug|Any CPU
		{D3E2A87E-4EFE-4CCD-A7A9-1BF285ADCBB9}.Release|Any CPU.ActiveCfg = Release|Any CPU
		{D3E2A87E-4EFE-4CCD-A7A9-1BF285ADCBB9}.Release|Any CPU.Build.0 = Release|Any CPU
		{036AA7C5-EE15-4DDD-87B1-E8AB3E7B21BE}.Debug|Any CPU.ActiveCfg = Debug|Any CPU
		{036AA7C5-EE15-4DDD-87B1-E8AB3E7B21BE}.Debug|Any CPU.Build.0 = Debug|Any CPU
		{036AA7C5-EE15-4DDD-87B1-E8AB3E7B21BE}.Release|Any CPU.ActiveCfg = Release|Any CPU
		{036AA7C5-EE15-4DDD-87B1-E8AB3E7B21BE}.Release|Any CPU.Build.0 = Release|Any CPU
		{FDD40EF1-545F-40AD-A861-760E371242DE}.Debug|Any CPU.ActiveCfg = Debug|Any CPU
		{FDD40EF1-545F-40AD-A861-760E371242DE}.Debug|Any CPU.Build.0 = Debug|Any CPU
		{FDD40EF1-545F-40AD-A861-760E371242DE}.Release|Any CPU.ActiveCfg = Release|Any CPU
		{FDD40EF1-545F-40AD-A861-760E371242DE}.Release|Any CPU.Build.0 = Release|Any CPU
	EndGlobalSection
EndGlobal
