
Microsoft Visual Studio Solution File, Format Version 12.00
Project("{2150E333-8FDC-42A3-9474-1A3956D46DE8}") = "kafka", "kafka", "{4273DC90-AB4D-4C8C-BD25-240F38DF6133}"
EndProject
Project("{2150E333-8FDC-42A3-9474-1A3956D46DE8}") = "Common", "Common", "{B4970DA5-0E62-4B6D-95D8-19F48A77B40C}"
EndProject
Project("{FAE04EC0-301F-11D3-BF4B-00C04F79EFBC}") = "Library", "Library\Library.csproj", "{49D2389C-97DF-4FE5-B080-F5252B2DDC9F}"
EndProject
Project("{2150E333-8FDC-42A3-9474-1A3956D46DE8}") = "EventDriven", "EventDriven", "{3C051FBD-3D47-46A7-8531-785190666512}"
EndProject
Project("{FAE04EC0-301F-11D3-BF4B-00C04F79EFBC}") = "EventAndCommands", "EventAndCommands\EventAndCommands.csproj", "{92BECBA5-6094-471A-A1FA-AA42240856A6}"
EndProject
Project("{2150E333-8FDC-42A3-9474-1A3956D46DE8}") = "Provider", "Provider", "{7DF01E8B-5DE3-48D3-B013-CD6D2433FECE}"
EndProject
Project("{FAE04EC0-301F-11D3-BF4B-00C04F79EFBC}") = "Provider", "Provider\Provider.csproj", "{CB3F5128-3514-4F63-B610-2758AE30548D}"
EndProject
Project("{2150E333-8FDC-42A3-9474-1A3956D46DE8}") = "Customers", "Customers", "{EF5C5557-E1D0-4E8B-830B-B2B0C22940BD}"
EndProject
Project("{FAE04EC0-301F-11D3-BF4B-00C04F79EFBC}") = "Customer", "Customer\Customer.csproj", "{D3E2A87E-4EFE-4CCD-A7A9-1BF285ADCBB9}"
EndProject
Project("{FAE04EC0-301F-11D3-BF4B-00C04F79EFBC}") = "Kafka", "Kafka\Kafka.csproj", "{036AA7C5-EE15-4DDD-87B1-E8AB3E7B21BE}"
EndProject
Project("{2150E333-8FDC-42A3-9474-1A3956D46DE8}") = "Services", "Services", "{6371886F-BEAC-4C9D-987E-4EE47A435746}"
EndProject
Project("{FAE04EC0-301F-11D3-BF4B-00C04F79EFBC}") = "Services", "Services\Services.csproj", "{FDD40EF1-545F-40AD-A861-760E371242DE}"
EndProject
Project("{FAE04EC0-301F-11D3-BF4B-00C04F79EFBC}") = "EventsAndCommands.Tests", "EventsAndCommands.Tests\EventsAndCommands.Tests.csproj", "{414C7BA8-6B44-41C0-B37B-669D4850F7BE}"
EndProject
Project("{2150E333-8FDC-42A3-9474-1A3956D46DE8}") = "Calendar", "Calendar", "{1CDFDF3B-1B2E-4EE1-B4A5-8343189D071A}"
EndProject
Project("{FAE04EC0-301F-11D3-BF4B-00C04F79EFBC}") = "Calendar", "Calendar\Calendar.csproj", "{E1F42F09-B6B0-44B0-A0A0-BC68275320B9}"
EndProject
Project("{2150E333-8FDC-42A3-9474-1A3956D46DE8}") = "Booking", "Booking", "{9090A722-7F2B-4948-A723-010A35E42DA3}"
EndProject
Project("{FAE04EC0-301F-11D3-BF4B-00C04F79EFBC}") = "Booking", "Booking\Booking.csproj", "{95662AEB-7302-4092-882B-ABBA9303EF70}"
EndProject
Project("{FAE04EC0-301F-11D3-BF4B-00C04F79EFBC}") = "Booking.Tests", "Booking.Tests\Booking.Tests.csproj", "{B5521DBD-1FFF-42F0-B9F8-CE5F7FBFD862}"
EndProject
Project("{FAE04EC0-301F-11D3-BF4B-00C04F79EFBC}") = "Calendar.Tests", "Calendar.Tests\Calendar.Tests.csproj", "{0AD6008A-0FB4-42D5-8C00-9202AD1882C0}"
EndProject
Project("{FAE04EC0-301F-11D3-BF4B-00C04F79EFBC}") = "Library.Tests", "Library.Tests\Library.Tests.csproj", "{502A1F4F-D287-47A0-97B0-753B43EE3E3D}"
EndProject
Project("{FAE04EC0-301F-11D3-BF4B-00C04F79EFBC}") = "Kafka.Tests", "Kafka.Tests\Kafka.Tests.csproj", "{19A05E65-4F23-45E1-9DFF-00378397E905}"
EndProject
Project("{FAE04EC0-301F-11D3-BF4B-00C04F79EFBC}") = "Provider.Tests", "Provider.Tests\Provider.Tests.csproj", "{F0854A4F-82E5-4356-A224-38B01AE5B409}"
EndProject
Project("{FAE04EC0-301F-11D3-BF4B-00C04F79EFBC}") = "Services.Tests", "Services.Tests\Services.Tests.csproj", "{DE5E7F2B-8C8F-4ECE-98D9-BFA27A0EB328}"
EndProject
Project("{FAE04EC0-301F-11D3-BF4B-00C04F79EFBC}") = "Customer.Tests", "Customer.Tests\Customer.Tests.csproj", "{4DCDB713-81A8-4C66-B836-CEAE61794EC6}"
EndProject
Project("{2150E333-8FDC-42A3-9474-1A3956D46DE8}") = "Profession", "Profession", "{EDBB591F-1A12-4026-9329-798F8A04E029}"
EndProject
Project("{FAE04EC0-301F-11D3-BF4B-00C04F79EFBC}") = "Profession", "Profession\Profession.csproj", "{C2A02334-C503-4274-A884-674FA7A45504}"
EndProject
Project("{FAE04EC0-301F-11D3-BF4B-00C04F79EFBC}") = "Profession.Tests", "Profession.Tests\Profession.Tests.csproj", "{C329E6EA-10EF-4645-88DB-1DA3DB57DA05}"
EndProject
Project("{FAE04EC0-301F-11D3-BF4B-00C04F79EFBC}") = "Identity", "Identity\Identity.csproj", "{F2700C60-718D-49CE-B155-1549D50E4E45}"
EndProject
Project("{FAE04EC0-301F-11D3-BF4B-00C04F79EFBC}") = "Identity.Tests", "Identity.Tests\Identity.Tests.csproj", "{74A2FE21-4FE7-4FE3-8D4A-B5D059C0206D}"
EndProject
Project("{2150E333-8FDC-42A3-9474-1A3956D46DE8}") = "Mobile", "Mobile", "{A1B2C3D4-E5F6-4A7B-8C9D-E0F1A2B3C4D5}"
EndProject
Project("{FAE04EC0-301F-11D3-BF4B-00C04F79EFBC}") = "MobileApp", "MobileApp\MobileApp.csproj", "{D1E2F3A4-B5C6-4D7E-8F9A-B0C1D2E3F4A5}"
EndProject
Project("{FAE04EC0-301F-11D3-BF4B-00C04F79EFBC}") = "MobileApp.Tests", "MobileApp.Tests\MobileApp.Tests.csproj", "{E1F2A3B4-C5D6-4E7F-8A9B-C0D1E2F3A4B5}"
EndProject
Project("{FAE04EC0-301F-11D3-BF4B-00C04F79EFBC}") = "Library.ServerAuth", "Library.ServerAuth\Library.ServerAuth.csproj", "{CE1D100D-1463-46EB-B416-256C4F4A22F2}"
EndProject
Project("{FAE04EC0-301F-11D3-BF4B-00C04F79EFBC}") = "AgendaBuddy.ServiceDefaults", "AgendaBuddy.ServiceDefaults\AgendaBuddy.ServiceDefaults.csproj", "{710E5BFF-CCC7-471B-AA2A-5BBE1461C17E}"
EndProject
Project("{FAE04EC0-301F-11D3-BF4B-00C04F79EFBC}") = "AgendaBuddy.ServiceDefaults.Tests", "AgendaBuddy.ServiceDefaults.Tests\AgendaBuddy.ServiceDefaults.Tests.csproj", "{1B96611C-1179-437E-BC90-0DFC25EA1909}"
EndProject
Global
	GlobalSection(SolutionConfigurationPlatforms) = preSolution
		Debug|Any CPU = Debug|Any CPU
		Debug|x64 = Debug|x64
		Debug|x86 = Debug|x86
		Release|Any CPU = Release|Any CPU
		Release|x64 = Release|x64
		Release|x86 = Release|x86
	EndGlobalSection
	GlobalSection(ProjectConfigurationPlatforms) = postSolution
		{49D2389C-97DF-4FE5-B080-F5252B2DDC9F}.Debug|Any CPU.ActiveCfg = Debug|Any CPU
		{49D2389C-97DF-4FE5-B080-F5252B2DDC9F}.Debug|Any CPU.Build.0 = Debug|Any CPU
		{49D2389C-97DF-4FE5-B080-F5252B2DDC9F}.Debug|x64.ActiveCfg = Debug|Any CPU
		{49D2389C-97DF-4FE5-B080-F5252B2DDC9F}.Debug|x64.Build.0 = Debug|Any CPU
		{49D2389C-97DF-4FE5-B080-F5252B2DDC9F}.Debug|x86.ActiveCfg = Debug|Any CPU
		{49D2389C-97DF-4FE5-B080-F5252B2DDC9F}.Debug|x86.Build.0 = Debug|Any CPU
		{49D2389C-97DF-4FE5-B080-F5252B2DDC9F}.Release|Any CPU.ActiveCfg = Release|Any CPU
		{49D2389C-97DF-4FE5-B080-F5252B2DDC9F}.Release|Any CPU.Build.0 = Release|Any CPU
		{49D2389C-97DF-4FE5-B080-F5252B2DDC9F}.Release|x64.ActiveCfg = Release|Any CPU
		{49D2389C-97DF-4FE5-B080-F5252B2DDC9F}.Release|x64.Build.0 = Release|Any CPU
		{49D2389C-97DF-4FE5-B080-F5252B2DDC9F}.Release|x86.ActiveCfg = Release|Any CPU
		{49D2389C-97DF-4FE5-B080-F5252B2DDC9F}.Release|x86.Build.0 = Release|Any CPU
		{92BECBA5-6094-471A-A1FA-AA42240856A6}.Debug|Any CPU.ActiveCfg = Debug|Any CPU
		{92BECBA5-6094-471A-A1FA-AA42240856A6}.Debug|Any CPU.Build.0 = Debug|Any CPU
		{92BECBA5-6094-471A-A1FA-AA42240856A6}.Debug|x64.ActiveCfg = Debug|Any CPU
		{92BECBA5-6094-471A-A1FA-AA42240856A6}.Debug|x64.Build.0 = Debug|Any CPU
		{92BECBA5-6094-471A-A1FA-AA42240856A6}.Debug|x86.ActiveCfg = Debug|Any CPU
		{92BECBA5-6094-471A-A1FA-AA42240856A6}.Debug|x86.Build.0 = Debug|Any CPU
		{92BECBA5-6094-471A-A1FA-AA42240856A6}.Release|Any CPU.ActiveCfg = Release|Any CPU
		{92BECBA5-6094-471A-A1FA-AA42240856A6}.Release|Any CPU.Build.0 = Release|Any CPU
		{92BECBA5-6094-471A-A1FA-AA42240856A6}.Release|x64.ActiveCfg = Release|Any CPU
		{92BECBA5-6094-471A-A1FA-AA42240856A6}.Release|x64.Build.0 = Release|Any CPU
		{92BECBA5-6094-471A-A1FA-AA42240856A6}.Release|x86.ActiveCfg = Release|Any CPU
		{92BECBA5-6094-471A-A1FA-AA42240856A6}.Release|x86.Build.0 = Release|Any CPU
		{CB3F5128-3514-4F63-B610-2758AE30548D}.Debug|Any CPU.ActiveCfg = Debug|Any CPU
		{CB3F5128-3514-4F63-B610-2758AE30548D}.Debug|Any CPU.Build.0 = Debug|Any CPU
		{CB3F5128-3514-4F63-B610-2758AE30548D}.Debug|x64.ActiveCfg = Debug|Any CPU
		{CB3F5128-3514-4F63-B610-2758AE30548D}.Debug|x64.Build.0 = Debug|Any CPU
		{CB3F5128-3514-4F63-B610-2758AE30548D}.Debug|x86.ActiveCfg = Debug|Any CPU
		{CB3F5128-3514-4F63-B610-2758AE30548D}.Debug|x86.Build.0 = Debug|Any CPU
		{CB3F5128-3514-4F63-B610-2758AE30548D}.Release|Any CPU.ActiveCfg = Release|Any CPU
		{CB3F5128-3514-4F63-B610-2758AE30548D}.Release|Any CPU.Build.0 = Release|Any CPU
		{CB3F5128-3514-4F63-B610-2758AE30548D}.Release|x64.ActiveCfg = Release|Any CPU
		{CB3F5128-3514-4F63-B610-2758AE30548D}.Release|x64.Build.0 = Release|Any CPU
		{CB3F5128-3514-4F63-B610-2758AE30548D}.Release|x86.ActiveCfg = Release|Any CPU
		{CB3F5128-3514-4F63-B610-2758AE30548D}.Release|x86.Build.0 = Release|Any CPU
		{D3E2A87E-4EFE-4CCD-A7A9-1BF285ADCBB9}.Debug|Any CPU.ActiveCfg = Debug|Any CPU
		{D3E2A87E-4EFE-4CCD-A7A9-1BF285ADCBB9}.Debug|Any CPU.Build.0 = Debug|Any CPU
		{D3E2A87E-4EFE-4CCD-A7A9-1BF285ADCBB9}.Debug|x64.ActiveCfg = Debug|Any CPU
		{D3E2A87E-4EFE-4CCD-A7A9-1BF285ADCBB9}.Debug|x64.Build.0 = Debug|Any CPU
		{D3E2A87E-4EFE-4CCD-A7A9-1BF285ADCBB9}.Debug|x86.ActiveCfg = Debug|Any CPU
		{D3E2A87E-4EFE-4CCD-A7A9-1BF285ADCBB9}.Debug|x86.Build.0 = Debug|Any CPU
		{D3E2A87E-4EFE-4CCD-A7A9-1BF285ADCBB9}.Release|Any CPU.ActiveCfg = Release|Any CPU
		{D3E2A87E-4EFE-4CCD-A7A9-1BF285ADCBB9}.Release|Any CPU.Build.0 = Release|Any CPU
		{D3E2A87E-4EFE-4CCD-A7A9-1BF285ADCBB9}.Release|x64.ActiveCfg = Release|Any CPU
		{D3E2A87E-4EFE-4CCD-A7A9-1BF285ADCBB9}.Release|x64.Build.0 = Release|Any CPU
		{D3E2A87E-4EFE-4CCD-A7A9-1BF285ADCBB9}.Release|x86.ActiveCfg = Release|Any CPU
		{D3E2A87E-4EFE-4CCD-A7A9-1BF285ADCBB9}.Release|x86.Build.0 = Release|Any CPU
		{036AA7C5-EE15-4DDD-87B1-E8AB3E7B21BE}.Debug|Any CPU.ActiveCfg = Debug|Any CPU
		{036AA7C5-EE15-4DDD-87B1-E8AB3E7B21BE}.Debug|Any CPU.Build.0 = Debug|Any CPU
		{036AA7C5-EE15-4DDD-87B1-E8AB3E7B21BE}.Debug|x64.ActiveCfg = Debug|Any CPU
		{036AA7C5-EE15-4DDD-87B1-E8AB3E7B21BE}.Debug|x64.Build.0 = Debug|Any CPU
		{036AA7C5-EE15-4DDD-87B1-E8AB3E7B21BE}.Debug|x86.ActiveCfg = Debug|Any CPU
		{036AA7C5-EE15-4DDD-87B1-E8AB3E7B21BE}.Debug|x86.Build.0 = Debug|Any CPU
		{036AA7C5-EE15-4DDD-87B1-E8AB3E7B21BE}.Release|Any CPU.ActiveCfg = Release|Any CPU
		{036AA7C5-EE15-4DDD-87B1-E8AB3E7B21BE}.Release|Any CPU.Build.0 = Release|Any CPU
		{036AA7C5-EE15-4DDD-87B1-E8AB3E7B21BE}.Release|x64.ActiveCfg = Release|Any CPU
		{036AA7C5-EE15-4DDD-87B1-E8AB3E7B21BE}.Release|x64.Build.0 = Release|Any CPU
		{036AA7C5-EE15-4DDD-87B1-E8AB3E7B21BE}.Release|x86.ActiveCfg = Release|Any CPU
		{036AA7C5-EE15-4DDD-87B1-E8AB3E7B21BE}.Release|x86.Build.0 = Release|Any CPU
		{FDD40EF1-545F-40AD-A861-760E371242DE}.Debug|Any CPU.ActiveCfg = Debug|Any CPU
		{FDD40EF1-545F-40AD-A861-760E371242DE}.Debug|Any CPU.Build.0 = Debug|Any CPU
		{FDD40EF1-545F-40AD-A861-760E371242DE}.Debug|x64.ActiveCfg = Debug|Any CPU
		{FDD40EF1-545F-40AD-A861-760E371242DE}.Debug|x64.Build.0 = Debug|Any CPU
		{FDD40EF1-545F-40AD-A861-760E371242DE}.Debug|x86.ActiveCfg = Debug|Any CPU
		{FDD40EF1-545F-40AD-A861-760E371242DE}.Debug|x86.Build.0 = Debug|Any CPU
		{FDD40EF1-545F-40AD-A861-760E371242DE}.Release|Any CPU.ActiveCfg = Release|Any CPU
		{FDD40EF1-545F-40AD-A861-760E371242DE}.Release|Any CPU.Build.0 = Release|Any CPU
		{FDD40EF1-545F-40AD-A861-760E371242DE}.Release|x64.ActiveCfg = Release|Any CPU
		{FDD40EF1-545F-40AD-A861-760E371242DE}.Release|x64.Build.0 = Release|Any CPU
		{FDD40EF1-545F-40AD-A861-760E371242DE}.Release|x86.ActiveCfg = Release|Any CPU
		{FDD40EF1-545F-40AD-A861-760E371242DE}.Release|x86.Build.0 = Release|Any CPU
		{414C7BA8-6B44-41C0-B37B-669D4850F7BE}.Debug|Any CPU.ActiveCfg = Debug|Any CPU
		{414C7BA8-6B44-41C0-B37B-669D4850F7BE}.Debug|Any CPU.Build.0 = Debug|Any CPU
		{414C7BA8-6B44-41C0-B37B-669D4850F7BE}.Debug|x64.ActiveCfg = Debug|Any CPU
		{414C7BA8-6B44-41C0-B37B-669D4850F7BE}.Debug|x64.Build.0 = Debug|Any CPU
		{414C7BA8-6B44-41C0-B37B-669D4850F7BE}.Debug|x86.ActiveCfg = Debug|Any CPU
		{414C7BA8-6B44-41C0-B37B-669D4850F7BE}.Debug|x86.Build.0 = Debug|Any CPU
		{414C7BA8-6B44-41C0-B37B-669D4850F7BE}.Release|Any CPU.ActiveCfg = Release|Any CPU
		{414C7BA8-6B44-41C0-B37B-669D4850F7BE}.Release|Any CPU.Build.0 = Release|Any CPU
		{414C7BA8-6B44-41C0-B37B-669D4850F7BE}.Release|x64.ActiveCfg = Release|Any CPU
		{414C7BA8-6B44-41C0-B37B-669D4850F7BE}.Release|x64.Build.0 = Release|Any CPU
		{414C7BA8-6B44-41C0-B37B-669D4850F7BE}.Release|x86.ActiveCfg = Release|Any CPU
		{414C7BA8-6B44-41C0-B37B-669D4850F7BE}.Release|x86.Build.0 = Release|Any CPU
		{E1F42F09-B6B0-44B0-A0A0-BC68275320B9}.Debug|Any CPU.ActiveCfg = Debug|Any CPU
		{E1F42F09-B6B0-44B0-A0A0-BC68275320B9}.Debug|Any CPU.Build.0 = Debug|Any CPU
		{E1F42F09-B6B0-44B0-A0A0-BC68275320B9}.Debug|x64.ActiveCfg = Debug|Any CPU
		{E1F42F09-B6B0-44B0-A0A0-BC68275320B9}.Debug|x64.Build.0 = Debug|Any CPU
		{E1F42F09-B6B0-44B0-A0A0-BC68275320B9}.Debug|x86.ActiveCfg = Debug|Any CPU
		{E1F42F09-B6B0-44B0-A0A0-BC68275320B9}.Debug|x86.Build.0 = Debug|Any CPU
		{E1F42F09-B6B0-44B0-A0A0-BC68275320B9}.Release|Any CPU.ActiveCfg = Release|Any CPU
		{E1F42F09-B6B0-44B0-A0A0-BC68275320B9}.Release|Any CPU.Build.0 = Release|Any CPU
		{E1F42F09-B6B0-44B0-A0A0-BC68275320B9}.Release|x64.ActiveCfg = Release|Any CPU
		{E1F42F09-B6B0-44B0-A0A0-BC68275320B9}.Release|x64.Build.0 = Release|Any CPU
		{E1F42F09-B6B0-44B0-A0A0-BC68275320B9}.Release|x86.ActiveCfg = Release|Any CPU
		{E1F42F09-B6B0-44B0-A0A0-BC68275320B9}.Release|x86.Build.0 = Release|Any CPU
		{95662AEB-7302-4092-882B-ABBA9303EF70}.Debug|Any CPU.ActiveCfg = Debug|Any CPU
		{95662AEB-7302-4092-882B-ABBA9303EF70}.Debug|Any CPU.Build.0 = Debug|Any CPU
		{95662AEB-7302-4092-882B-ABBA9303EF70}.Debug|x64.ActiveCfg = Debug|Any CPU
		{95662AEB-7302-4092-882B-ABBA9303EF70}.Debug|x64.Build.0 = Debug|Any CPU
		{95662AEB-7302-4092-882B-ABBA9303EF70}.Debug|x86.ActiveCfg = Debug|Any CPU
		{95662AEB-7302-4092-882B-ABBA9303EF70}.Debug|x86.Build.0 = Debug|Any CPU
		{95662AEB-7302-4092-882B-ABBA9303EF70}.Release|Any CPU.ActiveCfg = Release|Any CPU
		{95662AEB-7302-4092-882B-ABBA9303EF70}.Release|Any CPU.Build.0 = Release|Any CPU
		{95662AEB-7302-4092-882B-ABBA9303EF70}.Release|x64.ActiveCfg = Release|Any CPU
		{95662AEB-7302-4092-882B-ABBA9303EF70}.Release|x64.Build.0 = Release|Any CPU
		{95662AEB-7302-4092-882B-ABBA9303EF70}.Release|x86.ActiveCfg = Release|Any CPU
		{95662AEB-7302-4092-882B-ABBA9303EF70}.Release|x86.Build.0 = Release|Any CPU
		{B5521DBD-1FFF-42F0-B9F8-CE5F7FBFD862}.Debug|Any CPU.ActiveCfg = Debug|Any CPU
		{B5521DBD-1FFF-42F0-B9F8-CE5F7FBFD862}.Debug|Any CPU.Build.0 = Debug|Any CPU
		{B5521DBD-1FFF-42F0-B9F8-CE5F7FBFD862}.Debug|x64.ActiveCfg = Debug|Any CPU
		{B5521DBD-1FFF-42F0-B9F8-CE5F7FBFD862}.Debug|x64.Build.0 = Debug|Any CPU
		{B5521DBD-1FFF-42F0-B9F8-CE5F7FBFD862}.Debug|x86.ActiveCfg = Debug|Any CPU
		{B5521DBD-1FFF-42F0-B9F8-CE5F7FBFD862}.Debug|x86.Build.0 = Debug|Any CPU
		{B5521DBD-1FFF-42F0-B9F8-CE5F7FBFD862}.Release|Any CPU.ActiveCfg = Release|Any CPU
		{B5521DBD-1FFF-42F0-B9F8-CE5F7FBFD862}.Release|Any CPU.Build.0 = Release|Any CPU
		{B5521DBD-1FFF-42F0-B9F8-CE5F7FBFD862}.Release|x64.ActiveCfg = Release|Any CPU
		{B5521DBD-1FFF-42F0-B9F8-CE5F7FBFD862}.Release|x64.Build.0 = Release|Any CPU
		{B5521DBD-1FFF-42F0-B9F8-CE5F7FBFD862}.Release|x86.ActiveCfg = Release|Any CPU
		{B5521DBD-1FFF-42F0-B9F8-CE5F7FBFD862}.Release|x86.Build.0 = Release|Any CPU
		{0AD6008A-0FB4-42D5-8C00-9202AD1882C0}.Debug|Any CPU.ActiveCfg = Debug|Any CPU
		{0AD6008A-0FB4-42D5-8C00-9202AD1882C0}.Debug|Any CPU.Build.0 = Debug|Any CPU
		{0AD6008A-0FB4-42D5-8C00-9202AD1882C0}.Debug|x64.ActiveCfg = Debug|Any CPU
		{0AD6008A-0FB4-42D5-8C00-9202AD1882C0}.Debug|x64.Build.0 = Debug|Any CPU
		{0AD6008A-0FB4-42D5-8C00-9202AD1882C0}.Debug|x86.ActiveCfg = Debug|Any CPU
		{0AD6008A-0FB4-42D5-8C00-9202AD1882C0}.Debug|x86.Build.0 = Debug|Any CPU
		{0AD6008A-0FB4-42D5-8C00-9202AD1882C0}.Release|Any CPU.ActiveCfg = Release|Any CPU
		{0AD6008A-0FB4-42D5-8C00-9202AD1882C0}.Release|Any CPU.Build.0 = Release|Any CPU
		{0AD6008A-0FB4-42D5-8C00-9202AD1882C0}.Release|x64.ActiveCfg = Release|Any CPU
		{0AD6008A-0FB4-42D5-8C00-9202AD1882C0}.Release|x64.Build.0 = Release|Any CPU
		{0AD6008A-0FB4-42D5-8C00-9202AD1882C0}.Release|x86.ActiveCfg = Release|Any CPU
		{0AD6008A-0FB4-42D5-8C00-9202AD1882C0}.Release|x86.Build.0 = Release|Any CPU
		{502A1F4F-D287-47A0-97B0-753B43EE3E3D}.Debug|Any CPU.ActiveCfg = Debug|Any CPU
		{502A1F4F-D287-47A0-97B0-753B43EE3E3D}.Debug|Any CPU.Build.0 = Debug|Any CPU
		{502A1F4F-D287-47A0-97B0-753B43EE3E3D}.Debug|x64.ActiveCfg = Debug|Any CPU
		{502A1F4F-D287-47A0-97B0-753B43EE3E3D}.Debug|x64.Build.0 = Debug|Any CPU
		{502A1F4F-D287-47A0-97B0-753B43EE3E3D}.Debug|x86.ActiveCfg = Debug|Any CPU
		{502A1F4F-D287-47A0-97B0-753B43EE3E3D}.Debug|x86.Build.0 = Debug|Any CPU
		{502A1F4F-D287-47A0-97B0-753B43EE3E3D}.Release|Any CPU.ActiveCfg = Release|Any CPU
		{502A1F4F-D287-47A0-97B0-753B43EE3E3D}.Release|Any CPU.Build.0 = Release|Any CPU
		{502A1F4F-D287-47A0-97B0-753B43EE3E3D}.Release|x64.ActiveCfg = Release|Any CPU
		{502A1F4F-D287-47A0-97B0-753B43EE3E3D}.Release|x64.Build.0 = Release|Any CPU
		{502A1F4F-D287-47A0-97B0-753B43EE3E3D}.Release|x86.ActiveCfg = Release|Any CPU
		{502A1F4F-D287-47A0-97B0-753B43EE3E3D}.Release|x86.Build.0 = Release|Any CPU
		{19A05E65-4F23-45E1-9DFF-00378397E905}.Debug|Any CPU.ActiveCfg = Debug|Any CPU
		{19A05E65-4F23-45E1-9DFF-00378397E905}.Debug|Any CPU.Build.0 = Debug|Any CPU
		{19A05E65-4F23-45E1-9DFF-00378397E905}.Debug|x64.ActiveCfg = Debug|Any CPU
		{19A05E65-4F23-45E1-9DFF-00378397E905}.Debug|x64.Build.0 = Debug|Any CPU
		{19A05E65-4F23-45E1-9DFF-00378397E905}.Debug|x86.ActiveCfg = Debug|Any CPU
		{19A05E65-4F23-45E1-9DFF-00378397E905}.Debug|x86.Build.0 = Debug|Any CPU
		{19A05E65-4F23-45E1-9DFF-00378397E905}.Release|Any CPU.ActiveCfg = Release|Any CPU
		{19A05E65-4F23-45E1-9DFF-00378397E905}.Release|Any CPU.Build.0 = Release|Any CPU
		{19A05E65-4F23-45E1-9DFF-00378397E905}.Release|x64.ActiveCfg = Release|Any CPU
		{19A05E65-4F23-45E1-9DFF-00378397E905}.Release|x64.Build.0 = Release|Any CPU
		{19A05E65-4F23-45E1-9DFF-00378397E905}.Release|x86.ActiveCfg = Release|Any CPU
		{19A05E65-4F23-45E1-9DFF-00378397E905}.Release|x86.Build.0 = Release|Any CPU
		{F0854A4F-82E5-4356-A224-38B01AE5B409}.Debug|Any CPU.ActiveCfg = Debug|Any CPU
		{F0854A4F-82E5-4356-A224-38B01AE5B409}.Debug|Any CPU.Build.0 = Debug|Any CPU
		{F0854A4F-82E5-4356-A224-38B01AE5B409}.Debug|x64.ActiveCfg = Debug|Any CPU
		{F0854A4F-82E5-4356-A224-38B01AE5B409}.Debug|x64.Build.0 = Debug|Any CPU
		{F0854A4F-82E5-4356-A224-38B01AE5B409}.Debug|x86.ActiveCfg = Debug|Any CPU
		{F0854A4F-82E5-4356-A224-38B01AE5B409}.Debug|x86.Build.0 = Debug|Any CPU
		{F0854A4F-82E5-4356-A224-38B01AE5B409}.Release|Any CPU.ActiveCfg = Release|Any CPU
		{F0854A4F-82E5-4356-A224-38B01AE5B409}.Release|Any CPU.Build.0 = Release|Any CPU
		{F0854A4F-82E5-4356-A224-38B01AE5B409}.Release|x64.ActiveCfg = Release|Any CPU
		{F0854A4F-82E5-4356-A224-38B01AE5B409}.Release|x64.Build.0 = Release|Any CPU
		{F0854A4F-82E5-4356-A224-38B01AE5B409}.Release|x86.ActiveCfg = Release|Any CPU
		{F0854A4F-82E5-4356-A224-38B01AE5B409}.Release|x86.Build.0 = Release|Any CPU
		{DE5E7F2B-8C8F-4ECE-98D9-BFA27A0EB328}.Debug|Any CPU.ActiveCfg = Debug|Any CPU
		{DE5E7F2B-8C8F-4ECE-98D9-BFA27A0EB328}.Debug|Any CPU.Build.0 = Debug|Any CPU
		{DE5E7F2B-8C8F-4ECE-98D9-BFA27A0EB328}.Debug|x64.ActiveCfg = Debug|Any CPU
		{DE5E7F2B-8C8F-4ECE-98D9-BFA27A0EB328}.Debug|x64.Build.0 = Debug|Any CPU
		{DE5E7F2B-8C8F-4ECE-98D9-BFA27A0EB328}.Debug|x86.ActiveCfg = Debug|Any CPU
		{DE5E7F2B-8C8F-4ECE-98D9-BFA27A0EB328}.Debug|x86.Build.0 = Debug|Any CPU
		{DE5E7F2B-8C8F-4ECE-98D9-BFA27A0EB328}.Release|Any CPU.ActiveCfg = Release|Any CPU
		{DE5E7F2B-8C8F-4ECE-98D9-BFA27A0EB328}.Release|Any CPU.Build.0 = Release|Any CPU
		{DE5E7F2B-8C8F-4ECE-98D9-BFA27A0EB328}.Release|x64.ActiveCfg = Release|Any CPU
		{DE5E7F2B-8C8F-4ECE-98D9-BFA27A0EB328}.Release|x64.Build.0 = Release|Any CPU
		{DE5E7F2B-8C8F-4ECE-98D9-BFA27A0EB328}.Release|x86.ActiveCfg = Release|Any CPU
		{DE5E7F2B-8C8F-4ECE-98D9-BFA27A0EB328}.Release|x86.Build.0 = Release|Any CPU
		{4DCDB713-81A8-4C66-B836-CEAE61794EC6}.Debug|Any CPU.ActiveCfg = Debug|Any CPU
		{4DCDB713-81A8-4C66-B836-CEAE61794EC6}.Debug|Any CPU.Build.0 = Debug|Any CPU
		{4DCDB713-81A8-4C66-B836-CEAE61794EC6}.Debug|x64.ActiveCfg = Debug|Any CPU
		{4DCDB713-81A8-4C66-B836-CEAE61794EC6}.Debug|x64.Build.0 = Debug|Any CPU
		{4DCDB713-81A8-4C66-B836-CEAE61794EC6}.Debug|x86.ActiveCfg = Debug|Any CPU
		{4DCDB713-81A8-4C66-B836-CEAE61794EC6}.Debug|x86.Build.0 = Debug|Any CPU
		{4DCDB713-81A8-4C66-B836-CEAE61794EC6}.Release|Any CPU.ActiveCfg = Release|Any CPU
		{4DCDB713-81A8-4C66-B836-CEAE61794EC6}.Release|Any CPU.Build.0 = Release|Any CPU
		{4DCDB713-81A8-4C66-B836-CEAE61794EC6}.Release|x64.ActiveCfg = Release|Any CPU
		{4DCDB713-81A8-4C66-B836-CEAE61794EC6}.Release|x64.Build.0 = Release|Any CPU
		{4DCDB713-81A8-4C66-B836-CEAE61794EC6}.Release|x86.ActiveCfg = Release|Any CPU
		{4DCDB713-81A8-4C66-B836-CEAE61794EC6}.Release|x86.Build.0 = Release|Any CPU
		{C2A02334-C503-4274-A884-674FA7A45504}.Debug|Any CPU.ActiveCfg = Debug|Any CPU
		{C2A02334-C503-4274-A884-674FA7A45504}.Debug|Any CPU.Build.0 = Debug|Any CPU
		{C2A02334-C503-4274-A884-674FA7A45504}.Debug|x64.ActiveCfg = Debug|Any CPU
		{C2A02334-C503-4274-A884-674FA7A45504}.Debug|x64.Build.0 = Debug|Any CPU
		{C2A02334-C503-4274-A884-674FA7A45504}.Debug|x86.ActiveCfg = Debug|Any CPU
		{C2A02334-C503-4274-A884-674FA7A45504}.Debug|x86.Build.0 = Debug|Any CPU
		{C2A02334-C503-4274-A884-674FA7A45504}.Release|Any CPU.ActiveCfg = Release|Any CPU
		{C2A02334-C503-4274-A884-674FA7A45504}.Release|Any CPU.Build.0 = Release|Any CPU
		{C2A02334-C503-4274-A884-674FA7A45504}.Release|x64.ActiveCfg = Release|Any CPU
		{C2A02334-C503-4274-A884-674FA7A45504}.Release|x64.Build.0 = Release|Any CPU
		{C2A02334-C503-4274-A884-674FA7A45504}.Release|x86.ActiveCfg = Release|Any CPU
		{C2A02334-C503-4274-A884-674FA7A45504}.Release|x86.Build.0 = Release|Any CPU
		{C329E6EA-10EF-4645-88DB-1DA3DB57DA05}.Debug|Any CPU.ActiveCfg = Debug|Any CPU
		{C329E6EA-10EF-4645-88DB-1DA3DB57DA05}.Debug|Any CPU.Build.0 = Debug|Any CPU
		{C329E6EA-10EF-4645-88DB-1DA3DB57DA05}.Debug|x64.ActiveCfg = Debug|Any CPU
		{C329E6EA-10EF-4645-88DB-1DA3DB57DA05}.Debug|x64.Build.0 = Debug|Any CPU
		{C329E6EA-10EF-4645-88DB-1DA3DB57DA05}.Debug|x86.ActiveCfg = Debug|Any CPU
		{C329E6EA-10EF-4645-88DB-1DA3DB57DA05}.Debug|x86.Build.0 = Debug|Any CPU
		{C329E6EA-10EF-4645-88DB-1DA3DB57DA05}.Release|Any CPU.ActiveCfg = Release|Any CPU
		{C329E6EA-10EF-4645-88DB-1DA3DB57DA05}.Release|Any CPU.Build.0 = Release|Any CPU
		{C329E6EA-10EF-4645-88DB-1DA3DB57DA05}.Release|x64.ActiveCfg = Release|Any CPU
		{C329E6EA-10EF-4645-88DB-1DA3DB57DA05}.Release|x64.Build.0 = Release|Any CPU
		{C329E6EA-10EF-4645-88DB-1DA3DB57DA05}.Release|x86.ActiveCfg = Release|Any CPU
		{C329E6EA-10EF-4645-88DB-1DA3DB57DA05}.Release|x86.Build.0 = Release|Any CPU
		{F2700C60-718D-49CE-B155-1549D50E4E45}.Debug|Any CPU.ActiveCfg = Debug|Any CPU
		{F2700C60-718D-49CE-B155-1549D50E4E45}.Debug|Any CPU.Build.0 = Debug|Any CPU
		{F2700C60-718D-49CE-B155-1549D50E4E45}.Debug|x64.ActiveCfg = Debug|Any CPU
		{F2700C60-718D-49CE-B155-1549D50E4E45}.Debug|x64.Build.0 = Debug|Any CPU
		{F2700C60-718D-49CE-B155-1549D50E4E45}.Debug|x86.ActiveCfg = Debug|Any CPU
		{F2700C60-718D-49CE-B155-1549D50E4E45}.Debug|x86.Build.0 = Debug|Any CPU
		{F2700C60-718D-49CE-B155-1549D50E4E45}.Release|Any CPU.ActiveCfg = Release|Any CPU
		{F2700C60-718D-49CE-B155-1549D50E4E45}.Release|Any CPU.Build.0 = Release|Any CPU
		{F2700C60-718D-49CE-B155-1549D50E4E45}.Release|x64.ActiveCfg = Release|Any CPU
		{F2700C60-718D-49CE-B155-1549D50E4E45}.Release|x64.Build.0 = Release|Any CPU
		{F2700C60-718D-49CE-B155-1549D50E4E45}.Release|x86.ActiveCfg = Release|Any CPU
		{F2700C60-718D-49CE-B155-1549D50E4E45}.Release|x86.Build.0 = Release|Any CPU
		{74A2FE21-4FE7-4FE3-8D4A-B5D059C0206D}.Debug|Any CPU.ActiveCfg = Debug|Any CPU
		{74A2FE21-4FE7-4FE3-8D4A-B5D059C0206D}.Debug|Any CPU.Build.0 = Debug|Any CPU
		{74A2FE21-4FE7-4FE3-8D4A-B5D059C0206D}.Debug|x64.ActiveCfg = Debug|Any CPU
		{74A2FE21-4FE7-4FE3-8D4A-B5D059C0206D}.Debug|x64.Build.0 = Debug|Any CPU
		{74A2FE21-4FE7-4FE3-8D4A-B5D059C0206D}.Debug|x86.ActiveCfg = Debug|Any CPU
		{74A2FE21-4FE7-4FE3-8D4A-B5D059C0206D}.Debug|x86.Build.0 = Debug|Any CPU
		{74A2FE21-4FE7-4FE3-8D4A-B5D059C0206D}.Release|Any CPU.ActiveCfg = Release|Any CPU
		{74A2FE21-4FE7-4FE3-8D4A-B5D059C0206D}.Release|Any CPU.Build.0 = Release|Any CPU
		{74A2FE21-4FE7-4FE3-8D4A-B5D059C0206D}.Release|x64.ActiveCfg = Release|Any CPU
		{74A2FE21-4FE7-4FE3-8D4A-B5D059C0206D}.Release|x64.Build.0 = Release|Any CPU
		{74A2FE21-4FE7-4FE3-8D4A-B5D059C0206D}.Release|x86.ActiveCfg = Release|Any CPU
		{74A2FE21-4FE7-4FE3-8D4A-B5D059C0206D}.Release|x86.Build.0 = Release|Any CPU
		{D1E2F3A4-B5C6-4D7E-8F9A-B0C1D2E3F4A5}.Debug|Any CPU.ActiveCfg = Debug|Any CPU
		{D1E2F3A4-B5C6-4D7E-8F9A-B0C1D2E3F4A5}.Debug|Any CPU.Build.0 = Debug|Any CPU
		{D1E2F3A4-B5C6-4D7E-8F9A-B0C1D2E3F4A5}.Debug|x64.ActiveCfg = Debug|Any CPU
		{D1E2F3A4-B5C6-4D7E-8F9A-B0C1D2E3F4A5}.Debug|x64.Build.0 = Debug|Any CPU
		{D1E2F3A4-B5C6-4D7E-8F9A-B0C1D2E3F4A5}.Debug|x86.ActiveCfg = Debug|Any CPU
		{D1E2F3A4-B5C6-4D7E-8F9A-B0C1D2E3F4A5}.Debug|x86.Build.0 = Debug|Any CPU
		{D1E2F3A4-B5C6-4D7E-8F9A-B0C1D2E3F4A5}.Release|Any CPU.ActiveCfg = Release|Any CPU
		{D1E2F3A4-B5C6-4D7E-8F9A-B0C1D2E3F4A5}.Release|Any CPU.Build.0 = Release|Any CPU
		{D1E2F3A4-B5C6-4D7E-8F9A-B0C1D2E3F4A5}.Release|x64.ActiveCfg = Release|Any CPU
		{D1E2F3A4-B5C6-4D7E-8F9A-B0C1D2E3F4A5}.Release|x64.Build.0 = Release|Any CPU
		{D1E2F3A4-B5C6-4D7E-8F9A-B0C1D2E3F4A5}.Release|x86.ActiveCfg = Release|Any CPU
		{D1E2F3A4-B5C6-4D7E-8F9A-B0C1D2E3F4A5}.Release|x86.Build.0 = Release|Any CPU
		{E1F2A3B4-C5D6-4E7F-8A9B-C0D1E2F3A4B5}.Debug|Any CPU.ActiveCfg = Debug|Any CPU
		{E1F2A3B4-C5D6-4E7F-8A9B-C0D1E2F3A4B5}.Debug|Any CPU.Build.0 = Debug|Any CPU
		{E1F2A3B4-C5D6-4E7F-8A9B-C0D1E2F3A4B5}.Debug|x64.ActiveCfg = Debug|Any CPU
		{E1F2A3B4-C5D6-4E7F-8A9B-C0D1E2F3A4B5}.Debug|x64.Build.0 = Debug|Any CPU
		{E1F2A3B4-C5D6-4E7F-8A9B-C0D1E2F3A4B5}.Debug|x86.ActiveCfg = Debug|Any CPU
		{E1F2A3B4-C5D6-4E7F-8A9B-C0D1E2F3A4B5}.Debug|x86.Build.0 = Debug|Any CPU
		{E1F2A3B4-C5D6-4E7F-8A9B-C0D1E2F3A4B5}.Release|Any CPU.ActiveCfg = Release|Any CPU
		{E1F2A3B4-C5D6-4E7F-8A9B-C0D1E2F3A4B5}.Release|Any CPU.Build.0 = Release|Any CPU
		{E1F2A3B4-C5D6-4E7F-8A9B-C0D1E2F3A4B5}.Release|x64.ActiveCfg = Release|Any CPU
		{E1F2A3B4-C5D6-4E7F-8A9B-C0D1E2F3A4B5}.Release|x64.Build.0 = Release|Any CPU
		{E1F2A3B4-C5D6-4E7F-8A9B-C0D1E2F3A4B5}.Release|x86.ActiveCfg = Release|Any CPU
		{E1F2A3B4-C5D6-4E7F-8A9B-C0D1E2F3A4B5}.Release|x86.Build.0 = Release|Any CPU
		{CE1D100D-1463-46EB-B416-256C4F4A22F2}.Debug|Any CPU.ActiveCfg = Debug|Any CPU
		{CE1D100D-1463-46EB-B416-256C4F4A22F2}.Debug|Any CPU.Build.0 = Debug|Any CPU
		{CE1D100D-1463-46EB-B416-256C4F4A22F2}.Debug|x64.ActiveCfg = Debug|Any CPU
		{CE1D100D-1463-46EB-B416-256C4F4A22F2}.Debug|x64.Build.0 = Debug|Any CPU
		{CE1D100D-1463-46EB-B416-256C4F4A22F2}.Debug|x86.ActiveCfg = Debug|Any CPU
		{CE1D100D-1463-46EB-B416-256C4F4A22F2}.Debug|x86.Build.0 = Debug|Any CPU
		{CE1D100D-1463-46EB-B416-256C4F4A22F2}.Release|Any CPU.ActiveCfg = Release|Any CPU
		{CE1D100D-1463-46EB-B416-256C4F4A22F2}.Release|Any CPU.Build.0 = Release|Any CPU
		{CE1D100D-1463-46EB-B416-256C4F4A22F2}.Release|x64.ActiveCfg = Release|Any CPU
		{CE1D100D-1463-46EB-B416-256C4F4A22F2}.Release|x64.Build.0 = Release|Any CPU
		{CE1D100D-1463-46EB-B416-256C4F4A22F2}.Release|x86.ActiveCfg = Release|Any CPU
		{CE1D100D-1463-46EB-B416-256C4F4A22F2}.Release|x86.Build.0 = Release|Any CPU
		{710E5BFF-CCC7-471B-AA2A-5BBE1461C17E}.Debug|Any CPU.ActiveCfg = Debug|Any CPU
		{710E5BFF-CCC7-471B-AA2A-5BBE1461C17E}.Debug|Any CPU.Build.0 = Debug|Any CPU
		{710E5BFF-CCC7-471B-AA2A-5BBE1461C17E}.Debug|x64.ActiveCfg = Debug|Any CPU
		{710E5BFF-CCC7-471B-AA2A-5BBE1461C17E}.Debug|x64.Build.0 = Debug|Any CPU
		{710E5BFF-CCC7-471B-AA2A-5BBE1461C17E}.Debug|x86.ActiveCfg = Debug|Any CPU
		{710E5BFF-CCC7-471B-AA2A-5BBE1461C17E}.Debug|x86.Build.0 = Debug|Any CPU
		{710E5BFF-CCC7-471B-AA2A-5BBE1461C17E}.Release|Any CPU.ActiveCfg = Release|Any CPU
		{710E5BFF-CCC7-471B-AA2A-5BBE1461C17E}.Release|Any CPU.Build.0 = Release|Any CPU
		{710E5BFF-CCC7-471B-AA2A-5BBE1461C17E}.Release|x64.ActiveCfg = Release|Any CPU
		{710E5BFF-CCC7-471B-AA2A-5BBE1461C17E}.Release|x64.Build.0 = Release|Any CPU
		{710E5BFF-CCC7-471B-AA2A-5BBE1461C17E}.Release|x86.ActiveCfg = Release|Any CPU
		{710E5BFF-CCC7-471B-AA2A-5BBE1461C17E}.Release|x86.Build.0 = Release|Any CPU
		{1B96611C-1179-437E-BC90-0DFC25EA1909}.Debug|Any CPU.ActiveCfg = Debug|Any CPU
		{1B96611C-1179-437E-BC90-0DFC25EA1909}.Debug|Any CPU.Build.0 = Debug|Any CPU
		{1B96611C-1179-437E-BC90-0DFC25EA1909}.Debug|x64.ActiveCfg = Debug|Any CPU
		{1B96611C-1179-437E-BC90-0DFC25EA1909}.Debug|x64.Build.0 = Debug|Any CPU
		{1B96611C-1179-437E-BC90-0DFC25EA1909}.Debug|x86.ActiveCfg = Debug|Any CPU
		{1B96611C-1179-437E-BC90-0DFC25EA1909}.Debug|x86.Build.0 = Debug|Any CPU
		{1B96611C-1179-437E-BC90-0DFC25EA1909}.Release|Any CPU.ActiveCfg = Release|Any CPU
		{1B96611C-1179-437E-BC90-0DFC25EA1909}.Release|Any CPU.Build.0 = Release|Any CPU
		{1B96611C-1179-437E-BC90-0DFC25EA1909}.Release|x64.ActiveCfg = Release|Any CPU
		{1B96611C-1179-437E-BC90-0DFC25EA1909}.Release|x64.Build.0 = Release|Any CPU
		{1B96611C-1179-437E-BC90-0DFC25EA1909}.Release|x86.ActiveCfg = Release|Any CPU
		{1B96611C-1179-437E-BC90-0DFC25EA1909}.Release|x86.Build.0 = Release|Any CPU
	EndGlobalSection
	GlobalSection(SolutionProperties) = preSolution
		HideSolutionNode = FALSE
	EndGlobalSection
	GlobalSection(NestedProjects) = preSolution
		{49D2389C-97DF-4FE5-B080-F5252B2DDC9F} = {B4970DA5-0E62-4B6D-95D8-19F48A77B40C}
		{92BECBA5-6094-471A-A1FA-AA42240856A6} = {3C051FBD-3D47-46A7-8531-785190666512}
		{CB3F5128-3514-4F63-B610-2758AE30548D} = {7DF01E8B-5DE3-48D3-B013-CD6D2433FECE}
		{D3E2A87E-4EFE-4CCD-A7A9-1BF285ADCBB9} = {EF5C5557-E1D0-4E8B-830B-B2B0C22940BD}
		{036AA7C5-EE15-4DDD-87B1-E8AB3E7B21BE} = {4273DC90-AB4D-4C8C-BD25-240F38DF6133}
		{FDD40EF1-545F-40AD-A861-760E371242DE} = {6371886F-BEAC-4C9D-987E-4EE47A435746}
		{414C7BA8-6B44-41C0-B37B-669D4850F7BE} = {3C051FBD-3D47-46A7-8531-785190666512}
		{E1F42F09-B6B0-44B0-A0A0-BC68275320B9} = {1CDFDF3B-1B2E-4EE1-B4A5-8343189D071A}
		{95662AEB-7302-4092-882B-ABBA9303EF70} = {9090A722-7F2B-4948-A723-010A35E42DA3}
		{B5521DBD-1FFF-42F0-B9F8-CE5F7FBFD862} = {9090A722-7F2B-4948-A723-010A35E42DA3}
		{0AD6008A-0FB4-42D5-8C00-9202AD1882C0} = {1CDFDF3B-1B2E-4EE1-B4A5-8343189D071A}
		{502A1F4F-D287-47A0-97B0-753B43EE3E3D} = {B4970DA5-0E62-4B6D-95D8-19F48A77B40C}
		{19A05E65-4F23-45E1-9DFF-00378397E905} = {4273DC90-AB4D-4C8C-BD25-240F38DF6133}
		{F0854A4F-82E5-4356-A224-38B01AE5B409} = {7DF01E8B-5DE3-48D3-B013-CD6D2433FECE}
		{DE5E7F2B-8C8F-4ECE-98D9-BFA27A0EB328} = {6371886F-BEAC-4C9D-987E-4EE47A435746}
		{4DCDB713-81A8-4C66-B836-CEAE61794EC6} = {EF5C5557-E1D0-4E8B-830B-B2B0C22940BD}
		{C2A02334-C503-4274-A884-674FA7A45504} = {EDBB591F-1A12-4026-9329-798F8A04E029}
		{C329E6EA-10EF-4645-88DB-1DA3DB57DA05} = {EDBB591F-1A12-4026-9329-798F8A04E029}
		{D1E2F3A4-B5C6-4D7E-8F9A-B0C1D2E3F4A5} = {A1B2C3D4-E5F6-4A7B-8C9D-E0F1A2B3C4D5}
		{E1F2A3B4-C5D6-4E7F-8A9B-C0D1E2F3A4B5} = {A1B2C3D4-E5F6-4A7B-8C9D-E0F1A2B3C4D5}
	EndGlobalSection
EndGlobal
